// !$*UTF8*$!
{
	archiveVersion = 1;
	classes = {
	};
	objectVersion = 48;
	objects = {

/* Begin PBXBuildFile section */
		59C31C8850E47ABF200BF176 /* Pods_MinimumMVCSample.framework in Frameworks */ = {isa = PBXBuildFile; fileRef = 1BF26D98A2D2D8215795F89D /* Pods_MinimumMVCSample.framework */; };
		A49C44DD1F86387C00A04E47 /* Todo.swift in Sources */ = {isa = PBXBuildFile; fileRef = A49C44DC1F86387C00A04E47 /* Todo.swift */; };
		A49C44DF1F86635000A04E47 /* Router.swift in Sources */ = {isa = PBXBuildFile; fileRef = A49C44DE1F86635000A04E47 /* Router.swift */; };
		A4FB71B41F862E5C003F065C /* AppDelegate.swift in Sources */ = {isa = PBXBuildFile; fileRef = A4FB71B31F862E5C003F065C /* AppDelegate.swift */; };
		A4FB71B61F862E5C003F065C /* ViewController.swift in Sources */ = {isa = PBXBuildFile; fileRef = A4FB71B51F862E5C003F065C /* ViewController.swift */; };
		A4FB71B91F862E5C003F065C /* Main.storyboard in Resources */ = {isa = PBXBuildFile; fileRef = A4FB71B71F862E5C003F065C /* Main.storyboard */; };
		A4FB71BB1F862E5C003F065C /* Assets.xcassets in Resources */ = {isa = PBXBuildFile; fileRef = A4FB71BA1F862E5C003F065C /* Assets.xcassets */; };
		A4FB71BE1F862E5C003F065C /* LaunchScreen.storyboard in Resources */ = {isa = PBXBuildFile; fileRef = A4FB71BC1F862E5C003F065C /* LaunchScreen.storyboard */; };
		A4FB71C91F862E5D003F065C /* MinimumMVCSampleTests.swift in Sources */ = {isa = PBXBuildFile; fileRef = A4FB71C81F862E5D003F065C /* MinimumMVCSampleTests.swift */; };
		A4FB71D41F862E5D003F065C /* MinimumMVCSampleUITests.swift in Sources */ = {isa = PBXBuildFile; fileRef = A4FB71D31F862E5D003F065C /* MinimumMVCSampleUITests.swift */; };
		C486FCEC4A5DB7DE3C7B5799 /* Pods_MinimumMVCSampleUITests.framework in Frameworks */ = {isa = PBXBuildFile; fileRef = F797F629BF652868030B12E5 /* Pods_MinimumMVCSampleUITests.framework */; };
		ECD6A2979744D24A4EA78466 /* Pods_MinimumMVCSampleTests.framework in Frameworks */ = {isa = PBXBuildFile; fileRef = E31E17F10F17387D005052DA /* Pods_MinimumMVCSampleTests.framework */; };
/* End PBXBuildFile section */

/* Begin PBXContainerItemProxy section */
		A4FB71C51F862E5D003F065C /* PBXContainerItemProxy */ = {
			isa = PBXContainerItemProxy;
			containerPortal = A4FB71A81F862E5C003F065C /* Project object */;
			proxyType = 1;
			remoteGlobalIDString = A4FB71AF1F862E5C003F065C;
			remoteInfo = MinimumMVCSample;
		};
		A4FB71D01F862E5D003F065C /* PBXContainerItemProxy */ = {
			isa = PBXContainerItemProxy;
			containerPortal = A4FB71A81F862E5C003F065C /* Project object */;
			proxyType = 1;
			remoteGlobalIDString = A4FB71AF1F862E5C003F065C;
			remoteInfo = MinimumMVCSample;
		};
/* End PBXContainerItemProxy section */

/* Begin PBXFileReference section */
		1BF26D98A2D2D8215795F89D /* Pods_MinimumMVCSample.framework */ = {isa = PBXFileReference; explicitFileType = wrapper.framework; includeInIndex = 0; path = Pods_MinimumMVCSample.framework; sourceTree = BUILT_PRODUCTS_DIR; };
		4CF046980698F5356A71D455 /* Pods-MinimumMVCSampleTests.debug.xcconfig */ = {isa = PBXFileReference; includeInIndex = 1; lastKnownFileType = text.xcconfig; name = "Pods-MinimumMVCSampleTests.debug.xcconfig"; path = "Pods/Target Support Files/Pods-MinimumMVCSampleTests/Pods-MinimumMVCSampleTests.debug.xcconfig"; sourceTree = "<group>"; };
		7F2643B965BE60AF57CB7FB2 /* Pods-MinimumMVCSample.release.xcconfig */ = {isa = PBXFileReference; includeInIndex = 1; lastKnownFileType = text.xcconfig; name = "Pods-MinimumMVCSample.release.xcconfig"; path = "Pods/Target Support Files/Pods-MinimumMVCSample/Pods-MinimumMVCSample.release.xcconfig"; sourceTree = "<group>"; };
		99C79C432A383A00B5FE024B /* Pods-MinimumMVCSampleTests.release.xcconfig */ = {isa = PBXFileReference; includeInIndex = 1; lastKnownFileType = text.xcconfig; name = "Pods-MinimumMVCSampleTests.release.xcconfig"; path = "Pods/Target Support Files/Pods-MinimumMVCSampleTests/Pods-MinimumMVCSampleTests.release.xcconfig"; sourceTree = "<group>"; };
		A2AEF2D87E06B566ABC01B4C /* Pods-MinimumMVCSampleUITests.debug.xcconfig */ = {isa = PBXFileReference; includeInIndex = 1; lastKnownFileType = text.xcconfig; name = "Pods-MinimumMVCSampleUITests.debug.xcconfig"; path = "Pods/Target Support Files/Pods-MinimumMVCSampleUITests/Pods-MinimumMVCSampleUITests.debug.xcconfig"; sourceTree = "<group>"; };
		A49C44DC1F86387C00A04E47 /* Todo.swift */ = {isa = PBXFileReference; lastKnownFileType = sourcecode.swift; path = Todo.swift; sourceTree = "<group>"; };
		A49C44DE1F86635000A04E47 /* Router.swift */ = {isa = PBXFileReference; lastKnownFileType = sourcecode.swift; path = Router.swift; sourceTree = "<group>"; };
		A4FB71B01F862E5C003F065C /* MinimumMVCSample.app */ = {isa = PBXFileReference; explicitFileType = wrapper.application; includeInIndex = 0; path = MinimumMVCSample.app; sourceTree = BUILT_PRODUCTS_DIR; };
		A4FB71B31F862E5C003F065C /* AppDelegate.swift */ = {isa = PBXFileReference; lastKnownFileType = sourcecode.swift; path = AppDelegate.swift; sourceTree = "<group>"; };
		A4FB71B51F862E5C003F065C /* ViewController.swift */ = {isa = PBXFileReference; lastKnownFileType = sourcecode.swift; path = ViewController.swift; sourceTree = "<group>"; };
		A4FB71B81F862E5C003F065C /* Base */ = {isa = PBXFileReference; lastKnownFileType = file.storyboard; name = Base; path = Base.lproj/Main.storyboard; sourceTree = "<group>"; };
		A4FB71BA1F862E5C003F065C /* Assets.xcassets */ = {isa = PBXFileReference; lastKnownFileType = folder.assetcatalog; path = Assets.xcassets; sourceTree = "<group>"; };
		A4FB71BD1F862E5C003F065C /* Base */ = {isa = PBXFileReference; lastKnownFileType = file.storyboard; name = Base; path = Base.lproj/LaunchScreen.storyboard; sourceTree = "<group>"; };
		A4FB71BF1F862E5C003F065C /* Info.plist */ = {isa = PBXFileReference; lastKnownFileType = text.plist.xml; path = Info.plist; sourceTree = "<group>"; };
		A4FB71C41F862E5D003F065C /* MinimumMVCSampleTests.xctest */ = {isa = PBXFileReference; explicitFileType = wrapper.cfbundle; includeInIndex = 0; path = MinimumMVCSampleTests.xctest; sourceTree = BUILT_PRODUCTS_DIR; };
		A4FB71C81F862E5D003F065C /* MinimumMVCSampleTests.swift */ = {isa = PBXFileReference; lastKnownFileType = sourcecode.swift; path = MinimumMVCSampleTests.swift; sourceTree = "<group>"; };
		A4FB71CA1F862E5D003F065C /* Info.plist */ = {isa = PBXFileReference; lastKnownFileType = text.plist.xml; path = Info.plist; sourceTree = "<group>"; };
		A4FB71CF1F862E5D003F065C /* MinimumMVCSampleUITests.xctest */ = {isa = PBXFileReference; explicitFileType = wrapper.cfbundle; includeInIndex = 0; path = MinimumMVCSampleUITests.xctest; sourceTree = BUILT_PRODUCTS_DIR; };
		A4FB71D31F862E5D003F065C /* MinimumMVCSampleUITests.swift */ = {isa = PBXFileReference; lastKnownFileType = sourcecode.swift; path = MinimumMVCSampleUITests.swift; sourceTree = "<group>"; };
		A4FB71D51F862E5D003F065C /* Info.plist */ = {isa = PBXFileReference; lastKnownFileType = text.plist.xml; path = Info.plist; sourceTree = "<group>"; };
		CA1D217EF6E55214B16F8766 /* Pods-MinimumMVCSample.debug.xcconfig */ = {isa = PBXFileReference; includeInIndex = 1; lastKnownFileType = text.xcconfig; name = "Pods-MinimumMVCSample.debug.xcconfig"; path = "Pods/Target Support Files/Pods-MinimumMVCSample/Pods-MinimumMVCSample.debug.xcconfig"; sourceTree = "<group>"; };
		D90B0000148A7B35CF92822A /* Pods-MinimumMVCSampleUITests.release.xcconfig */ = {isa = PBXFileReference; includeInIndex = 1; lastKnownFileType = text.xcconfig; name = "Pods-MinimumMVCSampleUITests.release.xcconfig"; path = "Pods/Target Support Files/Pods-MinimumMVCSampleUITests/Pods-MinimumMVCSampleUITests.release.xcconfig"; sourceTree = "<group>"; };
		E31E17F10F17387D005052DA /* Pods_MinimumMVCSampleTests.framework */ = {isa = PBXFileReference; explicitFileType = wrapper.framework; includeInIndex = 0; path = Pods_MinimumMVCSampleTests.framework; sourceTree = BUILT_PRODUCTS_DIR; };
		F797F629BF652868030B12E5 /* Pods_MinimumMVCSampleUITests.framework */ = {isa = PBXFileReference; explicitFileType = wrapper.framework; includeInIndex = 0; path = Pods_MinimumMVCSampleUITests.framework; sourceTree = BUILT_PRODUCTS_DIR; };
/* End PBXFileReference section */

/* Begin PBXFrameworksBuildPhase section */
		A4FB71AD1F862E5C003F065C /* Frameworks */ = {
			isa = PBXFrameworksBuildPhase;
			buildActionMask = 2147483647;
			files = (
				59C31C8850E47ABF200BF176 /* Pods_MinimumMVCSample.framework in Frameworks */,
			);
			runOnlyForDeploymentPostprocessing = 0;
		};
		A4FB71C11F862E5D003F065C /* Frameworks */ = {
			isa = PBXFrameworksBuildPhase;
			buildActionMask = 2147483647;
			files = (
				ECD6A2979744D24A4EA78466 /* Pods_MinimumMVCSampleTests.framework in Frameworks */,
			);
			runOnlyForDeploymentPostprocessing = 0;
		};
		A4FB71CC1F862E5D003F065C /* Frameworks */ = {
			isa = PBXFrameworksBuildPhase;
			buildActionMask = 2147483647;
			files = (
				C486FCEC4A5DB7DE3C7B5799 /* Pods_MinimumMVCSampleUITests.framework in Frameworks */,
			);
			runOnlyForDeploymentPostprocessing = 0;
		};
/* End PBXFrameworksBuildPhase section */

/* Begin PBXGroup section */
		1B86AB1664894CCDD46EEC5A /* Frameworks */ = {
			isa = PBXGroup;
			children = (
				1BF26D98A2D2D8215795F89D /* Pods_MinimumMVCSample.framework */,
				E31E17F10F17387D005052DA /* Pods_MinimumMVCSampleTests.framework */,
				F797F629BF652868030B12E5 /* Pods_MinimumMVCSampleUITests.framework */,
			);
			name = Frameworks;
			sourceTree = "<group>";
		};
		A49C44E01F86635C00A04E47 /* Model */ = {
			isa = PBXGroup;
			children = (
				A49C44DC1F86387C00A04E47 /* Todo.swift */,
			);
			path = Model;
			sourceTree = "<group>";
		};
		A49C44E11F86637600A04E47 /* Controller */ = {
			isa = PBXGroup;
			children = (
				A4FB71B51F862E5C003F065C /* ViewController.swift */,
			);
			path = Controller;
			sourceTree = "<group>";
		};
		A4EB86C21F8774CD009674BC /* Utility */ = {
			isa = PBXGroup;
			children = (
				A49C44DE1F86635000A04E47 /* Router.swift */,
			);
			path = Utility;
			sourceTree = "<group>";
		};
		A4FB71A71F862E5C003F065C = {
			isa = PBXGroup;
			children = (
				A4FB71B21F862E5C003F065C /* MinimumMVCSample */,
				A4FB71C71F862E5D003F065C /* MinimumMVCSampleTests */,
				A4FB71D21F862E5D003F065C /* MinimumMVCSampleUITests */,
				A4FB71B11F862E5C003F065C /* Products */,
				EC237E35EFAFBAA96E58BD02 /* Pods */,
				1B86AB1664894CCDD46EEC5A /* Frameworks */,
			);
			sourceTree = "<group>";
		};
		A4FB71B11F862E5C003F065C /* Products */ = {
			isa = PBXGroup;
			children = (
				A4FB71B01F862E5C003F065C /* MinimumMVCSample.app */,
				A4FB71C41F862E5D003F065C /* MinimumMVCSampleTests.xctest */,
				A4FB71CF1F862E5D003F065C /* MinimumMVCSampleUITests.xctest */,
			);
			name = Products;
			sourceTree = "<group>";
		};
		A4FB71B21F862E5C003F065C /* MinimumMVCSample */ = {
			isa = PBXGroup;
			children = (
				A4FB71B31F862E5C003F065C /* AppDelegate.swift */,
				A49C44E11F86637600A04E47 /* Controller */,
				A4EB86C21F8774CD009674BC /* Utility */,
				A49C44E01F86635C00A04E47 /* Model */,
				A4FB71B71F862E5C003F065C /* Main.storyboard */,
				A4FB71BA1F862E5C003F065C /* Assets.xcassets */,
				A4FB71BC1F862E5C003F065C /* LaunchScreen.storyboard */,
				A4FB71BF1F862E5C003F065C /* Info.plist */,
			);
			path = MinimumMVCSample;
			sourceTree = "<group>";
		};
		A4FB71C71F862E5D003F065C /* MinimumMVCSampleTests */ = {
			isa = PBXGroup;
			children = (
				A4FB71C81F862E5D003F065C /* MinimumMVCSampleTests.swift */,
				A4FB71CA1F862E5D003F065C /* Info.plist */,
			);
			path = MinimumMVCSampleTests;
			sourceTree = "<group>";
		};
		A4FB71D21F862E5D003F065C /* MinimumMVCSampleUITests */ = {
			isa = PBXGroup;
			children = (
				A4FB71D31F862E5D003F065C /* MinimumMVCSampleUITests.swift */,
				A4FB71D51F862E5D003F065C /* Info.plist */,
			);
			path = MinimumMVCSampleUITests;
			sourceTree = "<group>";
		};
		EC237E35EFAFBAA96E58BD02 /* Pods */ = {
			isa = PBXGroup;
			children = (
				CA1D217EF6E55214B16F8766 /* Pods-MinimumMVCSample.debug.xcconfig */,
				7F2643B965BE60AF57CB7FB2 /* Pods-MinimumMVCSample.release.xcconfig */,
				4CF046980698F5356A71D455 /* Pods-MinimumMVCSampleTests.debug.xcconfig */,
				99C79C432A383A00B5FE024B /* Pods-MinimumMVCSampleTests.release.xcconfig */,
				A2AEF2D87E06B566ABC01B4C /* Pods-MinimumMVCSampleUITests.debug.xcconfig */,
				D90B0000148A7B35CF92822A /* Pods-MinimumMVCSampleUITests.release.xcconfig */,
			);
			name = Pods;
			sourceTree = "<group>";
		};
/* End PBXGroup section */

/* Begin PBXNativeTarget section */
		A4FB71AF1F862E5C003F065C /* MinimumMVCSample */ = {
			isa = PBXNativeTarget;
			buildConfigurationList = A4FB71D81F862E5D003F065C /* Build configuration list for PBXNativeTarget "MinimumMVCSample" */;
			buildPhases = (
				E453B77643BBA385FD9A9D29 /* [CP] Check Pods Manifest.lock */,
				A4FB71AC1F862E5C003F065C /* Sources */,
				A4FB71AD1F862E5C003F065C /* Frameworks */,
				A4FB71AE1F862E5C003F065C /* Resources */,
				12C059630BCA9DE6AAF2C1EB /* [CP] Embed Pods Frameworks */,
				5E15D24A2DD12BC41BD889CC /* [CP] Copy Pods Resources */,
			);
			buildRules = (
			);
			dependencies = (
			);
			name = MinimumMVCSample;
			productName = MinimumMVCSample;
			productReference = A4FB71B01F862E5C003F065C /* MinimumMVCSample.app */;
			productType = "com.apple.product-type.application";
		};
		A4FB71C31F862E5D003F065C /* MinimumMVCSampleTests */ = {
			isa = PBXNativeTarget;
			buildConfigurationList = A4FB71DB1F862E5D003F065C /* Build configuration list for PBXNativeTarget "MinimumMVCSampleTests" */;
			buildPhases = (
				8937054777AFAA314FED095F /* [CP] Check Pods Manifest.lock */,
				A4FB71C01F862E5D003F065C /* Sources */,
				A4FB71C11F862E5D003F065C /* Frameworks */,
				A4FB71C21F862E5D003F065C /* Resources */,
				A7D0B956D0565B9D2C0ADE8F /* [CP] Embed Pods Frameworks */,
				5604A834CB5A09C4975657A9 /* [CP] Copy Pods Resources */,
			);
			buildRules = (
			);
			dependencies = (
				A4FB71C61F862E5D003F065C /* PBXTargetDependency */,
			);
			name = MinimumMVCSampleTests;
			productName = MinimumMVCSampleTests;
			productReference = A4FB71C41F862E5D003F065C /* MinimumMVCSampleTests.xctest */;
			productType = "com.apple.product-type.bundle.unit-test";
		};
		A4FB71CE1F862E5D003F065C /* MinimumMVCSampleUITests */ = {
			isa = PBXNativeTarget;
			buildConfigurationList = A4FB71DE1F862E5D003F065C /* Build configuration list for PBXNativeTarget "MinimumMVCSampleUITests" */;
			buildPhases = (
				5260C70B9328A09E280D7850 /* [CP] Check Pods Manifest.lock */,
				A4FB71CB1F862E5D003F065C /* Sources */,
				A4FB71CC1F862E5D003F065C /* Frameworks */,
				A4FB71CD1F862E5D003F065C /* Resources */,
				FDB5B379388CF034DD794D16 /* [CP] Embed Pods Frameworks */,
				660BC32E13B057842289B65A /* [CP] Copy Pods Resources */,
			);
			buildRules = (
			);
			dependencies = (
				A4FB71D11F862E5D003F065C /* PBXTargetDependency */,
			);
			name = MinimumMVCSampleUITests;
			productName = MinimumMVCSampleUITests;
			productReference = A4FB71CF1F862E5D003F065C /* MinimumMVCSampleUITests.xctest */;
			productType = "com.apple.product-type.bundle.ui-testing";
		};
/* End PBXNativeTarget section */

/* Begin PBXProject section */
		A4FB71A81F862E5C003F065C /* Project object */ = {
			isa = PBXProject;
			attributes = {
				LastSwiftUpdateCheck = 0900;
				LastUpgradeCheck = 0900;
				ORGANIZATIONNAME = maekawakazuma;
				TargetAttributes = {
					A4FB71AF1F862E5C003F065C = {
						CreatedOnToolsVersion = 9.0;
						ProvisioningStyle = Automatic;
					};
					A4FB71C31F862E5D003F065C = {
						CreatedOnToolsVersion = 9.0;
						ProvisioningStyle = Automatic;
						TestTargetID = A4FB71AF1F862E5C003F065C;
					};
					A4FB71CE1F862E5D003F065C = {
						CreatedOnToolsVersion = 9.0;
						ProvisioningStyle = Automatic;
						TestTargetID = A4FB71AF1F862E5C003F065C;
					};
				};
			};
			buildConfigurationList = A4FB71AB1F862E5C003F065C /* Build configuration list for PBXProject "MinimumMVCSample" */;
			compatibilityVersion = "Xcode 8.0";
			developmentRegion = en;
			hasScannedForEncodings = 0;
			knownRegions = (
				en,
				Base,
			);
			mainGroup = A4FB71A71F862E5C003F065C;
			productRefGroup = A4FB71B11F862E5C003F065C /* Products */;
			projectDirPath = "";
			projectRoot = "";
			targets = (
				A4FB71AF1F862E5C003F065C /* MinimumMVCSample */,
				A4FB71C31F862E5D003F065C /* MinimumMVCSampleTests */,
				A4FB71CE1F862E5D003F065C /* MinimumMVCSampleUITests */,
			);
		};
/* End PBXProject section */

/* Begin PBXResourcesBuildPhase section */
		A4FB71AE1F862E5C003F065C /* Resources */ = {
			isa = PBXResourcesBuildPhase;
			buildActionMask = 2147483647;
			files = (
				A4FB71BE1F862E5C003F065C /* LaunchScreen.storyboard in Resources */,
				A4FB71BB1F862E5C003F065C /* Assets.xcassets in Resources */,
				A4FB71B91F862E5C003F065C /* Main.storyboard in Resources */,
			);
			runOnlyForDeploymentPostprocessing = 0;
		};
		A4FB71C21F862E5D003F065C /* Resources */ = {
			isa = PBXResourcesBuildPhase;
			buildActionMask = 2147483647;
			files = (
			);
			runOnlyForDeploymentPostprocessing = 0;
		};
		A4FB71CD1F862E5D003F065C /* Resources */ = {
			isa = PBXResourcesBuildPhase;
			buildActionMask = 2147483647;
			files = (
			);
			runOnlyForDeploymentPostprocessing = 0;
		};
/* End PBXResourcesBuildPhase section */

/* Begin PBXShellScriptBuildPhase section */
		12C059630BCA9DE6AAF2C1EB /* [CP] Embed Pods Frameworks */ = {
			isa = PBXShellScriptBuildPhase;
			buildActionMask = 2147483647;
			files = (
			);
			inputPaths = (
				"${SRCROOT}/Pods/Target Support Files/Pods-MinimumMVCSample/Pods-MinimumMVCSample-frameworks.sh",
				"${BUILT_PRODUCTS_DIR}/Alamofire/Alamofire.framework",
				"${BUILT_PRODUCTS_DIR}/Realm/Realm.framework",
				"${BUILT_PRODUCTS_DIR}/RealmSwift/RealmSwift.framework",
			);
			name = "[CP] Embed Pods Frameworks";
			outputPaths = (
				"${TARGET_BUILD_DIR}/${FRAMEWORKS_FOLDER_PATH}/Alamofire.framework",
				"${TARGET_BUILD_DIR}/${FRAMEWORKS_FOLDER_PATH}/Realm.framework",
				"${TARGET_BUILD_DIR}/${FRAMEWORKS_FOLDER_PATH}/RealmSwift.framework",
			);
			runOnlyForDeploymentPostprocessing = 0;
			shellPath = /bin/sh;
			shellScript = "\"${SRCROOT}/Pods/Target Support Files/Pods-MinimumMVCSample/Pods-MinimumMVCSample-frameworks.sh\"\n";
			showEnvVarsInLog = 0;
		};
		5260C70B9328A09E280D7850 /* [CP] Check Pods Manifest.lock */ = {
			isa = PBXShellScriptBuildPhase;
			buildActionMask = 2147483647;
			files = (
			);
			inputPaths = (
				"${PODS_PODFILE_DIR_PATH}/Podfile.lock",
				"${PODS_ROOT}/Manifest.lock",
			);
			name = "[CP] Check Pods Manifest.lock";
			outputPaths = (
				"$(DERIVED_FILE_DIR)/Pods-MinimumMVCSampleUITests-checkManifestLockResult.txt",
			);
			runOnlyForDeploymentPostprocessing = 0;
			shellPath = /bin/sh;
			shellScript = "diff \"${PODS_PODFILE_DIR_PATH}/Podfile.lock\" \"${PODS_ROOT}/Manifest.lock\" > /dev/null\nif [ $? != 0 ] ; then\n    # print error to STDERR\n    echo \"error: The sandbox is not in sync with the Podfile.lock. Run 'pod install' or update your CocoaPods installation.\" >&2\n    exit 1\nfi\n# This output is used by Xcode 'outputs' to avoid re-running this script phase.\necho \"SUCCESS\" > \"${SCRIPT_OUTPUT_FILE_0}\"\n";
			showEnvVarsInLog = 0;
		};
		5604A834CB5A09C4975657A9 /* [CP] Copy Pods Resources */ = {
			isa = PBXShellScriptBuildPhase;
			buildActionMask = 2147483647;
			files = (
			);
			inputPaths = (
			);
			name = "[CP] Copy Pods Resources";
			outputPaths = (
			);
			runOnlyForDeploymentPostprocessing = 0;
			shellPath = /bin/sh;
			shellScript = "\"${SRCROOT}/Pods/Target Support Files/Pods-MinimumMVCSampleTests/Pods-MinimumMVCSampleTests-resources.sh\"\n";
			showEnvVarsInLog = 0;
		};
		5E15D24A2DD12BC41BD889CC /* [CP] Copy Pods Resources */ = {
			isa = PBXShellScriptBuildPhase;
			buildActionMask = 2147483647;
			files = (
			);
			inputPaths = (
			);
			name = "[CP] Copy Pods Resources";
			outputPaths = (
			);
			runOnlyForDeploymentPostprocessing = 0;
			shellPath = /bin/sh;
			shellScript = "\"${SRCROOT}/Pods/Target Support Files/Pods-MinimumMVCSample/Pods-MinimumMVCSample-resources.sh\"\n";
			showEnvVarsInLog = 0;
		};
		660BC32E13B057842289B65A /* [CP] Copy Pods Resources */ = {
			isa = PBXShellScriptBuildPhase;
			buildActionMask = 2147483647;
			files = (
			);
			inputPaths = (
			);
			name = "[CP] Copy Pods Resources";
			outputPaths = (
			);
			runOnlyForDeploymentPostprocessing = 0;
			shellPath = /bin/sh;
			shellScript = "\"${SRCROOT}/Pods/Target Support Files/Pods-MinimumMVCSampleUITests/Pods-MinimumMVCSampleUITests-resources.sh\"\n";
			showEnvVarsInLog = 0;
		};
		8937054777AFAA314FED095F /* [CP] Check Pods Manifest.lock */ = {
			isa = PBXShellScriptBuildPhase;
			buildActionMask = 2147483647;
			files = (
			);
			inputPaths = (
				"${PODS_PODFILE_DIR_PATH}/Podfile.lock",
				"${PODS_ROOT}/Manifest.lock",
			);
			name = "[CP] Check Pods Manifest.lock";
			outputPaths = (
				"$(DERIVED_FILE_DIR)/Pods-MinimumMVCSampleTests-checkManifestLockResult.txt",
			);
			runOnlyForDeploymentPostprocessing = 0;
			shellPath = /bin/sh;
			shellScript = "diff \"${PODS_PODFILE_DIR_PATH}/Podfile.lock\" \"${PODS_ROOT}/Manifest.lock\" > /dev/null\nif [ $? != 0 ] ; then\n    # print error to STDERR\n    echo \"error: The sandbox is not in sync with the Podfile.lock. Run 'pod install' or update your CocoaPods installation.\" >&2\n    exit 1\nfi\n# This output is used by Xcode 'outputs' to avoid re-running this script phase.\necho \"SUCCESS\" > \"${SCRIPT_OUTPUT_FILE_0}\"\n";
			showEnvVarsInLog = 0;
		};
		A7D0B956D0565B9D2C0ADE8F /* [CP] Embed Pods Frameworks */ = {
			isa = PBXShellScriptBuildPhase;
			buildActionMask = 2147483647;
			files = (
			);
			inputPaths = (
			);
			name = "[CP] Embed Pods Frameworks";
			outputPaths = (
			);
			runOnlyForDeploymentPostprocessing = 0;
			shellPath = /bin/sh;
			shellScript = "\"${SRCROOT}/Pods/Target Support Files/Pods-MinimumMVCSampleTests/Pods-MinimumMVCSampleTests-frameworks.sh\"\n";
			showEnvVarsInLog = 0;
		};
		E453B77643BBA385FD9A9D29 /* [CP] Check Pods Manifest.lock */ = {
			isa = PBXShellScriptBuildPhase;
			buildActionMask = 2147483647;
			files = (
			);
			inputPaths = (
				"${PODS_PODFILE_DIR_PATH}/Podfile.lock",
				"${PODS_ROOT}/Manifest.lock",
			);
			name = "[CP] Check Pods Manifest.lock";
			outputPaths = (
				"$(DERIVED_FILE_DIR)/Pods-MinimumMVCSample-checkManifestLockResult.txt",
			);
			runOnlyForDeploymentPostprocessing = 0;
			shellPath = /bin/sh;
			shellScript = "diff \"${PODS_PODFILE_DIR_PATH}/Podfile.lock\" \"${PODS_ROOT}/Manifest.lock\" > /dev/null\nif [ $? != 0 ] ; then\n    # print error to STDERR\n    echo \"error: The sandbox is not in sync with the Podfile.lock. Run 'pod install' or update your CocoaPods installation.\" >&2\n    exit 1\nfi\n# This output is used by Xcode 'outputs' to avoid re-running this script phase.\necho \"SUCCESS\" > \"${SCRIPT_OUTPUT_FILE_0}\"\n";
			showEnvVarsInLog = 0;
		};
		FDB5B379388CF034DD794D16 /* [CP] Embed Pods Frameworks */ = {
			isa = PBXShellScriptBuildPhase;
			buildActionMask = 2147483647;
			files = (
			);
			inputPaths = (
			);
			name = "[CP] Embed Pods Frameworks";
			outputPaths = (
			);
			runOnlyForDeploymentPostprocessing = 0;
			shellPath = /bin/sh;
			shellScript = "\"${SRCROOT}/Pods/Target Support Files/Pods-MinimumMVCSampleUITests/Pods-MinimumMVCSampleUITests-frameworks.sh\"\n";
			showEnvVarsInLog = 0;
		};
/* End PBXShellScriptBuildPhase section */

/* Begin PBXSourcesBuildPhase section */
		A4FB71AC1F862E5C003F065C /* Sources */ = {
			isa = PBXSourcesBuildPhase;
			buildActionMask = 2147483647;
			files = (
				A49C44DF1F86635000A04E47 /* Router.swift in Sources */,
				A4FB71B61F862E5C003F065C /* ViewController.swift in Sources */,
				A49C44DD1F86387C00A04E47 /* Todo.swift in Sources */,
				A4FB71B41F862E5C003F065C /* AppDelegate.swift in Sources */,
			);
			runOnlyForDeploymentPostprocessing = 0;
		};
		A4FB71C01F862E5D003F065C /* Sources */ = {
			isa = PBXSourcesBuildPhase;
			buildActionMask = 2147483647;
			files = (
				A4FB71C91F862E5D003F065C /* MinimumMVCSampleTests.swift in Sources */,
			);
			runOnlyForDeploymentPostprocessing = 0;
		};
		A4FB71CB1F862E5D003F065C /* Sources */ = {
			isa = PBXSourcesBuildPhase;
			buildActionMask = 2147483647;
			files = (
				A4FB71D41F862E5D003F065C /* MinimumMVCSampleUITests.swift in Sources */,
			);
			runOnlyForDeploymentPostprocessing = 0;
		};
/* End PBXSourcesBuildPhase section */

/* Begin PBXTargetDependency section */
		A4FB71C61F862E5D003F065C /* PBXTargetDependency */ = {
			isa = PBXTargetDependency;
			target = A4FB71AF1F862E5C003F065C /* MinimumMVCSample */;
			targetProxy = A4FB71C51F862E5D003F065C /* PBXContainerItemProxy */;
		};
		A4FB71D11F862E5D003F065C /* PBXTargetDependency */ = {
			isa = PBXTargetDependency;
			target = A4FB71AF1F862E5C003F065C /* MinimumMVCSample */;
			targetProxy = A4FB71D01F862E5D003F065C /* PBXContainerItemProxy */;
		};
/* End PBXTargetDependency section */

/* Begin PBXVariantGroup section */
		A4FB71B71F862E5C003F065C /* Main.storyboard */ = {
			isa = PBXVariantGroup;
			children = (
				A4FB71B81F862E5C003F065C /* Base */,
			);
			name = Main.storyboard;
			sourceTree = "<group>";
		};
		A4FB71BC1F862E5C003F065C /* LaunchScreen.storyboard */ = {
			isa = PBXVariantGroup;
			children = (
				A4FB71BD1F862E5C003F065C /* Base */,
			);
			name = LaunchScreen.storyboard;
			sourceTree = "<group>";
		};
/* End PBXVariantGroup section */

/* Begin XCBuildConfiguration section */
		A4FB71D61F862E5D003F065C /* Debug */ = {
			isa = XCBuildConfiguration;
			buildSettings = {
				ALWAYS_SEARCH_USER_PATHS = NO;
				CLANG_ANALYZER_NONNULL = YES;
				CLANG_ANALYZER_NUMBER_OBJECT_CONVERSION = YES_AGGRESSIVE;
				CLANG_CXX_LANGUAGE_STANDARD = "gnu++14";
				CLANG_CXX_LIBRARY = "libc++";
				CLANG_ENABLE_MODULES = YES;
				CLANG_ENABLE_OBJC_ARC = YES;
				CLANG_WARN_BLOCK_CAPTURE_AUTORELEASING = YES;
				CLANG_WARN_BOOL_CONVERSION = YES;
				CLANG_WARN_COMMA = YES;
				CLANG_WARN_CONSTANT_CONVERSION = YES;
				CLANG_WARN_DIRECT_OBJC_ISA_USAGE = YES_ERROR;
				CLANG_WARN_DOCUMENTATION_COMMENTS = YES;
				CLANG_WARN_EMPTY_BODY = YES;
				CLANG_WARN_ENUM_CONVERSION = YES;
				CLANG_WARN_INFINITE_RECURSION = YES;
				CLANG_WARN_INT_CONVERSION = YES;
				CLANG_WARN_NON_LITERAL_NULL_CONVERSION = YES;
				CLANG_WARN_OBJC_LITERAL_CONVERSION = YES;
				CLANG_WARN_OBJC_ROOT_CLASS = YES_ERROR;
				CLANG_WARN_RANGE_LOOP_ANALYSIS = YES;
				CLANG_WARN_STRICT_PROTOTYPES = YES;
				CLANG_WARN_SUSPICIOUS_MOVE = YES;
				CLANG_WARN_UNGUARDED_AVAILABILITY = YES_AGGRESSIVE;
				CLANG_WARN_UNREACHABLE_CODE = YES;
				CLANG_WARN__DUPLICATE_METHOD_MATCH = YES;
				CODE_SIGN_IDENTITY = "iPhone Developer";
				COPY_PHASE_STRIP = NO;
				DEBUG_INFORMATION_FORMAT = dwarf;
				ENABLE_STRICT_OBJC_MSGSEND = YES;
				ENABLE_TESTABILITY = YES;
				GCC_C_LANGUAGE_STANDARD = gnu11;
				GCC_DYNAMIC_NO_PIC = NO;
				GCC_NO_COMMON_BLOCKS = YES;
				GCC_OPTIMIZATION_LEVEL = 0;
				GCC_PREPROCESSOR_DEFINITIONS = (
					"DEBUG=1",
					"$(inherited)",
				);
				GCC_WARN_64_TO_32_BIT_CONVERSION = YES;
				GCC_WARN_ABOUT_RETURN_TYPE = YES_ERROR;
				GCC_WARN_UNDECLARED_SELECTOR = YES;
				GCC_WARN_UNINITIALIZED_AUTOS = YES_AGGRESSIVE;
				GCC_WARN_UNUSED_FUNCTION = YES;
				GCC_WARN_UNUSED_VARIABLE = YES;
				IPHONEOS_DEPLOYMENT_TARGET = 11.0;
				MTL_ENABLE_DEBUG_INFO = YES;
				ONLY_ACTIVE_ARCH = YES;
				SDKROOT = iphoneos;
				SWIFT_ACTIVE_COMPILATION_CONDITIONS = DEBUG;
				SWIFT_OPTIMIZATION_LEVEL = "-Onone";
			};
			name = Debug;
		};
		A4FB71D71F862E5D003F065C /* Release */ = {
			isa = XCBuildConfiguration;
			buildSettings = {
				ALWAYS_SEARCH_USER_PATHS = NO;
				CLANG_ANALYZER_NONNULL = YES;
				CLANG_ANALYZER_NUMBER_OBJECT_CONVERSION = YES_AGGRESSIVE;
				CLANG_CXX_LANGUAGE_STANDARD = "gnu++14";
				CLANG_CXX_LIBRARY = "libc++";
				CLANG_ENABLE_MODULES = YES;
				CLANG_ENABLE_OBJC_ARC = YES;
				CLANG_WARN_BLOCK_CAPTURE_AUTORELEASING = YES;
				CLANG_WARN_BOOL_CONVERSION = YES;
				CLANG_WARN_COMMA = YES;
				CLANG_WARN_CONSTANT_CONVERSION = YES;
				CLANG_WARN_DIRECT_OBJC_ISA_USAGE = YES_ERROR;
				CLANG_WARN_DOCUMENTATION_COMMENTS = YES;
				CLANG_WARN_EMPTY_BODY = YES;
				CLANG_WARN_ENUM_CONVERSION = YES;
				CLANG_WARN_INFINITE_RECURSION = YES;
				CLANG_WARN_INT_CONVERSION = YES;
				CLANG_WARN_NON_LITERAL_NULL_CONVERSION = YES;
				CLANG_WARN_OBJC_LITERAL_CONVERSION = YES;
				CLANG_WARN_OBJC_ROOT_CLASS = YES_ERROR;
				CLANG_WARN_RANGE_LOOP_ANALYSIS = YES;
				CLANG_WARN_STRICT_PROTOTYPES = YES;
				CLANG_WARN_SUSPICIOUS_MOVE = YES;
				CLANG_WARN_UNGUARDED_AVAILABILITY = YES_AGGRESSIVE;
				CLANG_WARN_UNREACHABLE_CODE = YES;
				CLANG_WARN__DUPLICATE_METHOD_MATCH = YES;
				CODE_SIGN_IDENTITY = "iPhone Developer";
				COPY_PHASE_STRIP = NO;
				DEBUG_INFORMATION_FORMAT = "dwarf-with-dsym";
				ENABLE_NS_ASSERTIONS = NO;
				ENABLE_STRICT_OBJC_MSGSEND = YES;
				GCC_C_LANGUAGE_STANDARD = gnu11;
				GCC_NO_COMMON_BLOCKS = YES;
				GCC_WARN_64_TO_32_BIT_CONVERSION = YES;
				GCC_WARN_ABOUT_RETURN_TYPE = YES_ERROR;
				GCC_WARN_UNDECLARED_SELECTOR = YES;
				GCC_WARN_UNINITIALIZED_AUTOS = YES_AGGRESSIVE;
				GCC_WARN_UNUSED_FUNCTION = YES;
				GCC_WARN_UNUSED_VARIABLE = YES;
				IPHONEOS_DEPLOYMENT_TARGET = 11.0;
				MTL_ENABLE_DEBUG_INFO = NO;
				SDKROOT = iphoneos;
				SWIFT_OPTIMIZATION_LEVEL = "-Owholemodule";
				VALIDATE_PRODUCT = YES;
			};
			name = Release;
		};
		A4FB71D91F862E5D003F065C /* Debug */ = {
			isa = XCBuildConfiguration;
			baseConfigurationReference = CA1D217EF6E55214B16F8766 /* Pods-MinimumMVCSample.debug.xcconfig */;
			buildSettings = {
				ASSETCATALOG_COMPILER_APPICON_NAME = AppIcon;
				CODE_SIGN_STYLE = Automatic;
				DEVELOPMENT_TEAM = MTY8A4UP87;
				INFOPLIST_FILE = MinimumMVCSample/Info.plist;
				LD_RUNPATH_SEARCH_PATHS = "$(inherited) @executable_path/Frameworks";
				PRODUCT_BUNDLE_IDENTIFIER = com.planningdev.MinimumMVCSample;
				PRODUCT_NAME = "$(TARGET_NAME)";
				SWIFT_VERSION = 4.0;
				TARGETED_DEVICE_FAMILY = "1,2";
			};
			name = Debug;
		};
		A4FB71DA1F862E5D003F065C /* Release */ = {
			isa = XCBuildConfiguration;
			baseConfigurationReference = 7F2643B965BE60AF57CB7FB2 /* Pods-MinimumMVCSample.release.xcconfig */;
			buildSettings = {
				ASSETCATALOG_COMPILER_APPICON_NAME = AppIcon;
				CODE_SIGN_STYLE = Automatic;
				DEVELOPMENT_TEAM = MTY8A4UP87;
				INFOPLIST_FILE = MinimumMVCSample/Info.plist;
				LD_RUNPATH_SEARCH_PATHS = "$(inherited) @executable_path/Frameworks";
				PRODUCT_BUNDLE_IDENTIFIER = com.planningdev.MinimumMVCSample;
				PRODUCT_NAME = "$(TARGET_NAME)";
				SWIFT_VERSION = 4.0;
				TARGETED_DEVICE_FAMILY = "1,2";
			};
			name = Release;
		};
		A4FB71DC1F862E5D003F065C /* Debug */ = {
			isa = XCBuildConfiguration;
			baseConfigurationReference = 4CF046980698F5356A71D455 /* Pods-MinimumMVCSampleTests.debug.xcconfig */;
			buildSettings = {
				ALWAYS_EMBED_SWIFT_STANDARD_LIBRARIES = YES;
				BUNDLE_LOADER = "$(TEST_HOST)";
				CODE_SIGN_STYLE = Automatic;
				DEVELOPMENT_TEAM = MTY8A4UP87;
				INFOPLIST_FILE = MinimumMVCSampleTests/Info.plist;
				LD_RUNPATH_SEARCH_PATHS = "$(inherited) @executable_path/Frameworks @loader_path/Frameworks";
				PRODUCT_BUNDLE_IDENTIFIER = com.planningdev.MinimumMVCSampleTests;
				PRODUCT_NAME = "$(TARGET_NAME)";
				SWIFT_VERSION = 4.0;
				TARGETED_DEVICE_FAMILY = "1,2";
				TEST_HOST = "$(BUILT_PRODUCTS_DIR)/MinimumMVCSample.app/MinimumMVCSample";
			};
			name = Debug;
		};
		A4FB71DD1F862E5D003F065C /* Release */ = {
			isa = XCBuildConfiguration;
			baseConfigurationReference = 99C79C432A383A00B5FE024B /* Pods-MinimumMVCSampleTests.release.xcconfig */;
			buildSettings = {
				ALWAYS_EMBED_SWIFT_STANDARD_LIBRARIES = YES;
				BUNDLE_LOADER = "$(TEST_HOST)";
				CODE_SIGN_STYLE = Automatic;
				DEVELOPMENT_TEAM = MTY8A4UP87;
				INFOPLIST_FILE = MinimumMVCSampleTests/Info.plist;
				LD_RUNPATH_SEARCH_PATHS = "$(inherited) @executable_path/Frameworks @loader_path/Frameworks";
				PRODUCT_BUNDLE_IDENTIFIER = com.planningdev.MinimumMVCSampleTests;
				PRODUCT_NAME = "$(TARGET_NAME)";
				SWIFT_VERSION = 4.0;
				TARGETED_DEVICE_FAMILY = "1,2";
				TEST_HOST = "$(BUILT_PRODUCTS_DIR)/MinimumMVCSample.app/MinimumMVCSample";
			};
			name = Release;
		};
		A4FB71DF1F862E5D003F065C /* Debug */ = {
			isa = XCBuildConfiguration;
			baseConfigurationReference = A2AEF2D87E06B566ABC01B4C /* Pods-MinimumMVCSampleUITests.debug.xcconfig */;
			buildSettings = {
				ALWAYS_EMBED_SWIFT_STANDARD_LIBRARIES = YES;
				CODE_SIGN_STYLE = Automatic;
				DEVELOPMENT_TEAM = MTY8A4UP87;
				INFOPLIST_FILE = MinimumMVCSampleUITests/Info.plist;
				LD_RUNPATH_SEARCH_PATHS = "$(inherited) @executable_path/Frameworks @loader_path/Frameworks";
				PRODUCT_BUNDLE_IDENTIFIER = com.planningdev.MinimumMVCSampleUITests;
				PRODUCT_NAME = "$(TARGET_NAME)";
				SWIFT_VERSION = 4.0;
				TARGETED_DEVICE_FAMILY = "1,2";
				TEST_TARGET_NAME = MinimumMVCSample;
			};
			name = Debug;
		};
		A4FB71E01F862E5D003F065C /* Release */ = {
			isa = XCBuildConfiguration;
			baseConfigurationReference = D90B0000148A7B35CF92822A /* Pods-MinimumMVCSampleUITests.release.xcconfig */;
			buildSettings = {
				ALWAYS_EMBED_SWIFT_STANDARD_LIBRARIES = YES;
				CODE_SIGN_STYLE = Automatic;
				DEVELOPMENT_TEAM = MTY8A4UP87;
				INFOPLIST_FILE = MinimumMVCSampleUITests/Info.plist;
				LD_RUNPATH_SEARCH_PATHS = "$(inherited) @executable_path/Frameworks @loader_path/Frameworks";
				PRODUCT_BUNDLE_IDENTIFIER = com.planningdev.MinimumMVCSampleUITests;
				PRODUCT_NAME = "$(TARGET_NAME)";
				SWIFT_VERSION = 4.0;
				TARGETED_DEVICE_FAMILY = "1,2";
				TEST_TARGET_NAME = MinimumMVCSample;
			};
			name = Release;
		};
/* End XCBuildConfiguration section */

/* Begin XCConfigurationList section */
		A4FB71AB1F862E5C003F065C /* Build configuration list for PBXProject "MinimumMVCSample" */ = {
			isa = XCConfigurationList;
			buildConfigurations = (
				A4FB71D61F862E5D003F065C /* Debug */,
				A4FB71D71F862E5D003F065C /* Release */,
			);
			defaultConfigurationIsVisible = 0;
			defaultConfigurationName = Release;
		};
		A4FB71D81F862E5D003F065C /* Build configuration list for PBXNativeTarget "MinimumMVCSample" */ = {
			isa = XCConfigurationList;
			buildConfigurations = (
				A4FB71D91F862E5D003F065C /* Debug */,
				A4FB71DA1F862E5D003F065C /* Release */,
			);
			defaultConfigurationIsVisible = 0;
			defaultConfigurationName = Release;
		};
		A4FB71DB1F862E5D003F065C /* Build configuration list for PBXNativeTarget "MinimumMVCSampleTests" */ = {
			isa = XCConfigurationList;
			buildConfigurations = (
				A4FB71DC1F862E5D003F065C /* Debug */,
				A4FB71DD1F862E5D003F065C /* Release */,
			);
			defaultConfigurationIsVisible = 0;
			defaultConfigurationName = Release;
		};
		A4FB71DE1F862E5D003F065C /* Build configuration list for PBXNativeTarget "MinimumMVCSampleUITests" */ = {
			isa = XCConfigurationList;
			buildConfigurations = (
				A4FB71DF1F862E5D003F065C /* Debug */,
				A4FB71E01F862E5D003F065C /* Release */,
			);
			defaultConfigurationIsVisible = 0;
			defaultConfigurationName = Release;
		};
/* End XCConfigurationList section */
	};
	rootObject = A4FB71A81F862E5C003F065C /* Project object */;
}
